
Microsoft Visual Studio Solution File, Format Version 12.00
# Visual Studio 15
VisualStudioVersion = 15.0.26124.0
MinimumVisualStudioVersion = 15.0.26124.0
Project("{2150E333-8FDC-42A3-9474-1A3956D46DE8}") = "ShopApp.Common", "ShopApp.Common", "{C09623DC-116C-4FB8-8153-5CAF0C04157B}"
EndProject
Project("{2150E333-8FDC-42A3-9474-1A3956D46DE8}") = "src", "src", "{C7385FBA-69BB-4C94-AE3B-3C4021D50377}"
EndProject
Project("{FAE04EC0-301F-11D3-BF4B-00C04F79EFBC}") = "ShopApp.Common", "ShopApp.Common\src\ShopApp.Common\ShopApp.Common.csproj", "{3A65E2F8-BDAA-451F-94F8-BD426E82FD71}"
EndProject
Project("{2150E333-8FDC-42A3-9474-1A3956D46DE8}") = "ShopApp.Product", "ShopApp.Product", "{07BC9404-C792-4F5D-996E-C6D1EED4D7C8}"
EndProject
Project("{2150E333-8FDC-42A3-9474-1A3956D46DE8}") = "src", "src", "{F0D76230-DF14-4AB4-ACFB-70BB1F18BFE1}"
EndProject
Project("{FAE04EC0-301F-11D3-BF4B-00C04F79EFBC}") = "ShopApp.Product.Api", "ShopApp.Product\src\ShopApp.Product.Api\ShopApp.Product.Api.csproj", "{9C911DC7-C4EA-4A5F-94CA-23FCDB3FD390}"
EndProject
Project("{FAE04EC0-301F-11D3-BF4B-00C04F79EFBC}") = "ShopApp.Product.Application", "ShopApp.Product\src\ShopApp.Product.Application\ShopApp.Product.Application.csproj", "{2F25EF60-7524-4C6A-90D5-B81EFAD840B1}"
EndProject
Project("{FAE04EC0-301F-11D3-BF4B-00C04F79EFBC}") = "ShopApp.Product.Domain", "ShopApp.Product\src\ShopApp.Product.Domain\ShopApp.Product.Domain.csproj", "{8BFD0F47-9452-45AB-87EE-31B4F911DB85}"
EndProject
Project("{2150E333-8FDC-42A3-9474-1A3956D46DE8}") = "ShopApp.Shared", "ShopApp.Shared", "{D7F6E3B0-6683-4D03-8748-E204A7BD1769}"
EndProject
Project("{2150E333-8FDC-42A3-9474-1A3956D46DE8}") = "src", "src", "{23567F4D-F18C-4A02-B672-23E360E9C38E}"
EndProject
Project("{FAE04EC0-301F-11D3-BF4B-00C04F79EFBC}") = "ShopApp.Shared", "ShopApp.Shared\src\ShopApp.Shared\ShopApp.Shared.csproj", "{FBFB8BD5-B026-4D05-BF01-F3D2D04FB6BC}"
EndProject
Global
	GlobalSection(SolutionConfigurationPlatforms) = preSolution
		Debug|Any CPU = Debug|Any CPU
		Debug|x64 = Debug|x64
		Debug|x86 = Debug|x86
		Release|Any CPU = Release|Any CPU
		Release|x64 = Release|x64
		Release|x86 = Release|x86
	EndGlobalSection
	GlobalSection(SolutionProperties) = preSolution
		HideSolutionNode = FALSE
	EndGlobalSection
	GlobalSection(ProjectConfigurationPlatforms) = postSolution
		{3A65E2F8-BDAA-451F-94F8-BD426E82FD71}.Debug|Any CPU.ActiveCfg = Debug|Any CPU
		{3A65E2F8-BDAA-451F-94F8-BD426E82FD71}.Debug|Any CPU.Build.0 = Debug|Any CPU
		{3A65E2F8-BDAA-451F-94F8-BD426E82FD71}.Debug|x64.ActiveCfg = Debug|Any CPU
		{3A65E2F8-BDAA-451F-94F8-BD426E82FD71}.Debug|x64.Build.0 = Debug|Any CPU
		{3A65E2F8-BDAA-451F-94F8-BD426E82FD71}.Debug|x86.ActiveCfg = Debug|Any CPU
		{3A65E2F8-BDAA-451F-94F8-BD426E82FD71}.Debug|x86.Build.0 = Debug|Any CPU
		{3A65E2F8-BDAA-451F-94F8-BD426E82FD71}.Release|Any CPU.ActiveCfg = Release|Any CPU
		{3A65E2F8-BDAA-451F-94F8-BD426E82FD71}.Release|Any CPU.Build.0 = Release|Any CPU
		{3A65E2F8-BDAA-451F-94F8-BD426E82FD71}.Release|x64.ActiveCfg = Release|Any CPU
		{3A65E2F8-BDAA-451F-94F8-BD426E82FD71}.Release|x64.Build.0 = Release|Any CPU
		{3A65E2F8-BDAA-451F-94F8-BD426E82FD71}.Release|x86.ActiveCfg = Release|Any CPU
		{3A65E2F8-BDAA-451F-94F8-BD426E82FD71}.Release|x86.Build.0 = Release|Any CPU
		{9C911DC7-C4EA-4A5F-94CA-23FCDB3FD390}.Debug|Any CPU.ActiveCfg = Debug|Any CPU
		{9C911DC7-C4EA-4A5F-94CA-23FCDB3FD390}.Debug|Any CPU.Build.0 = Debug|Any CPU
		{9C911DC7-C4EA-4A5F-94CA-23FCDB3FD390}.Debug|x64.ActiveCfg = Debug|Any CPU
		{9C911DC7-C4EA-4A5F-94CA-23FCDB3FD390}.Debug|x64.Build.0 = Debug|Any CPU
		{9C911DC7-C4EA-4A5F-94CA-23FCDB3FD390}.Debug|x86.ActiveCfg = Debug|Any CPU
		{9C911DC7-C4EA-4A5F-94CA-23FCDB3FD390}.Debug|x86.Build.0 = Debug|Any CPU
		{9C911DC7-C4EA-4A5F-94CA-23FCDB3FD390}.Release|Any CPU.ActiveCfg = Release|Any CPU
		{9C911DC7-C4EA-4A5F-94CA-23FCDB3FD390}.Release|Any CPU.Build.0 = Release|Any CPU
		{9C911DC7-C4EA-4A5F-94CA-23FCDB3FD390}.Release|x64.ActiveCfg = Release|Any CPU
		{9C911DC7-C4EA-4A5F-94CA-23FCDB3FD390}.Release|x64.Build.0 = Release|Any CPU
		{9C911DC7-C4EA-4A5F-94CA-23FCDB3FD390}.Release|x86.ActiveCfg = Release|Any CPU
		{9C911DC7-C4EA-4A5F-94CA-23FCDB3FD390}.Release|x86.Build.0 = Release|Any CPU
		{2F25EF60-7524-4C6A-90D5-B81EFAD840B1}.Debug|Any CPU.ActiveCfg = Debug|Any CPU
		{2F25EF60-7524-4C6A-90D5-B81EFAD840B1}.Debug|Any CPU.Build.0 = Debug|Any CPU
		{2F25EF60-7524-4C6A-90D5-B81EFAD840B1}.Debug|x64.ActiveCfg = Debug|Any CPU
		{2F25EF60-7524-4C6A-90D5-B81EFAD840B1}.Debug|x64.Build.0 = Debug|Any CPU
		{2F25EF60-7524-4C6A-90D5-B81EFAD840B1}.Debug|x86.ActiveCfg = Debug|Any CPU
		{2F25EF60-7524-4C6A-90D5-B81EFAD840B1}.Debug|x86.Build.0 = Debug|Any CPU
		{2F25EF60-7524-4C6A-90D5-B81EFAD840B1}.Release|Any CPU.ActiveCfg = Release|Any CPU
		{2F25EF60-7524-4C6A-90D5-B81EFAD840B1}.Release|Any CPU.Build.0 = Release|Any CPU
		{2F25EF60-7524-4C6A-90D5-B81EFAD840B1}.Release|x64.ActiveCfg = Release|Any CPU
		{2F25EF60-7524-4C6A-90D5-B81EFAD840B1}.Release|x64.Build.0 = Release|Any CPU
		{2F25EF60-7524-4C6A-90D5-B81EFAD840B1}.Release|x86.ActiveCfg = Release|Any CPU
		{2F25EF60-7524-4C6A-90D5-B81EFAD840B1}.Release|x86.Build.0 = Release|Any CPU
		{8BFD0F47-9452-45AB-87EE-31B4F911DB85}.Debug|Any CPU.ActiveCfg = Debug|Any CPU
		{8BFD0F47-9452-45AB-87EE-31B4F911DB85}.Debug|Any CPU.Build.0 = Debug|Any CPU
		{8BFD0F47-9452-45AB-87EE-31B4F911DB85}.Debug|x64.ActiveCfg = Debug|Any CPU
		{8BFD0F47-9452-45AB-87EE-31B4F911DB85}.Debug|x64.Build.0 = Debug|Any CPU
		{8BFD0F47-9452-45AB-87EE-31B4F911DB85}.Debug|x86.ActiveCfg = Debug|Any CPU
		{8BFD0F47-9452-45AB-87EE-31B4F911DB85}.Debug|x86.Build.0 = Debug|Any CPU
		{8BFD0F47-9452-45AB-87EE-31B4F911DB85}.Release|Any CPU.ActiveCfg = Release|Any CPU
		{8BFD0F47-9452-45AB-87EE-31B4F911DB85}.Release|Any CPU.Build.0 = Release|Any CPU
		{8BFD0F47-9452-45AB-87EE-31B4F911DB85}.Release|x64.ActiveCfg = Release|Any CPU
		{8BFD0F47-9452-45AB-87EE-31B4F911DB85}.Release|x64.Build.0 = Release|Any CPU
		{8BFD0F47-9452-45AB-87EE-31B4F911DB85}.Release|x86.ActiveCfg = Release|Any CPU
		{8BFD0F47-9452-45AB-87EE-31B4F911DB85}.Release|x86.Build.0 = Release|Any CPU
		{FBFB8BD5-B026-4D05-BF01-F3D2D04FB6BC}.Debug|Any CPU.ActiveCfg = Debug|Any CPU
		{FBFB8BD5-B026-4D05-BF01-F3D2D04FB6BC}.Debug|Any CPU.Build.0 = Debug|Any CPU
		{FBFB8BD5-B026-4D05-BF01-F3D2D04FB6BC}.Debug|x64.ActiveCfg = Debug|Any CPU
		{FBFB8BD5-B026-4D05-BF01-F3D2D04FB6BC}.Debug|x64.Build.0 = Debug|Any CPU
		{FBFB8BD5-B026-4D05-BF01-F3D2D04FB6BC}.Debug|x86.ActiveCfg = Debug|Any CPU
		{FBFB8BD5-B026-4D05-BF01-F3D2D04FB6BC}.Debug|x86.Build.0 = Debug|Any CPU
		{FBFB8BD5-B026-4D05-BF01-F3D2D04FB6BC}.Release|Any CPU.ActiveCfg = Release|Any CPU
		{FBFB8BD5-B026-4D05-BF01-F3D2D04FB6BC}.Release|Any CPU.Build.0 = Release|Any CPU
		{FBFB8BD5-B026-4D05-BF01-F3D2D04FB6BC}.Release|x64.ActiveCfg = Release|Any CPU
		{FBFB8BD5-B026-4D05-BF01-F3D2D04FB6BC}.Release|x64.Build.0 = Release|Any CPU
		{FBFB8BD5-B026-4D05-BF01-F3D2D04FB6BC}.Release|x86.ActiveCfg = Release|Any CPU
		{FBFB8BD5-B026-4D05-BF01-F3D2D04FB6BC}.Release|x86.Build.0 = Release|Any CPU
	EndGlobalSection
	GlobalSection(NestedProjects) = preSolution
		{C7385FBA-69BB-4C94-AE3B-3C4021D50377} = {C09623DC-116C-4FB8-8153-5CAF0C04157B}
		{3A65E2F8-BDAA-451F-94F8-BD426E82FD71} = {C7385FBA-69BB-4C94-AE3B-3C4021D50377}
		{F0D76230-DF14-4AB4-ACFB-70BB1F18BFE1} = {07BC9404-C792-4F5D-996E-C6D1EED4D7C8}
		{9C911DC7-C4EA-4A5F-94CA-23FCDB3FD390} = {F0D76230-DF14-4AB4-ACFB-70BB1F18BFE1}
		{2F25EF60-7524-4C6A-90D5-B81EFAD840B1} = {F0D76230-DF14-4AB4-ACFB-70BB1F18BFE1}
		{8BFD0F47-9452-45AB-87EE-31B4F911DB85} = {F0D76230-DF14-4AB4-ACFB-70BB1F18BFE1}
		{23567F4D-F18C-4A02-B672-23E360E9C38E} = {D7F6E3B0-6683-4D03-8748-E204A7BD1769}
		{FBFB8BD5-B026-4D05-BF01-F3D2D04FB6BC} = {23567F4D-F18C-4A02-B672-23E360E9C38E}
	EndGlobalSection
EndGlobal
